
Microsoft Visual Studio Solution File, Format Version 12.00
# Visual Studio Version 17
VisualStudioVersion = 17.3.32901.215
MinimumVisualStudioVersion = 10.0.40219.1
Project("{9A19103F-16F7-4668-BE54-9A1E7A4F7556}") = "MessageBroker", "MessageBroker.csproj", "{90D798D7-08F5-4F83-9EB9-9AA3BC1A7A64}"
EndProject
Project("{E53339B2-1760-4266-BCC7-CA923CBCF16C}") = "docker-compose", "docker-compose.dcproj", "{C0FB5F14-E1F2-451E-B7B4-EC373FC11FF2}"
EndProject
Global
	GlobalSection(SolutionConfigurationPlatforms) = preSolution
		Debug|Any CPU = Debug|Any CPU
		Release|Any CPU = Release|Any CPU
	EndGlobalSection
	GlobalSection(ProjectConfigurationPlatforms) = postSolution
		{90D798D7-08F5-4F83-9EB9-9AA3BC1A7A64}.Debug|Any CPU.ActiveCfg = Debug|Any CPU
		{90D798D7-08F5-4F83-9EB9-9AA3BC1A7A64}.Debug|Any CPU.Build.0 = Debug|Any CPU
		{90D798D7-08F5-4F83-9EB9-9AA3BC1A7A64}.Release|Any CPU.ActiveCfg = Release|Any CPU
		{90D798D7-08F5-4F83-9EB9-9AA3BC1A7A64}.Release|Any CPU.Build.0 = Release|Any CPU
		{C0FB5F14-E1F2-451E-B7B4-EC373FC11FF2}.Debug|Any CPU.ActiveCfg = Debug|Any CPU
		{C0FB5F14-E1F2-451E-B7B4-EC373FC11FF2}.Debug|Any CPU.Build.0 = Debug|Any CPU
		{C0FB5F14-E1F2-451E-B7B4-EC373FC11FF2}.Release|Any CPU.ActiveCfg = Release|Any CPU
		{C0FB5F14-E1F2-451E-B7B4-EC373FC11FF2}.Release|Any CPU.Build.0 = Release|Any CPU
	EndGlobalSection
	GlobalSection(SolutionProperties) = preSolution
		HideSolutionNode = FALSE
	EndGlobalSection
	GlobalSection(ExtensibilityGlobals) = postSolution
		SolutionGuid = {E788DFAD-B289-4C83-9CD7-344D3D4A9F31}
	EndGlobalSection
EndGlobal
